
Microsoft Visual Studio Solution File, Format Version 12.00
# Visual Studio Version 16
VisualStudioVersion = 16.0.29613.14
MinimumVisualStudioVersion = 10.0.40219.1
Project("{FAE04EC0-301F-11D3-BF4B-00C04F79EFBC}") = "BaiDuTuiGuang", "BaiDuTuiGuang\BaiDuTuiGuang.csproj", "{8ADC0521-192F-4D87-8B0B-01DFD113B891}"
EndProject
Project("{FAE04EC0-301F-11D3-BF4B-00C04F79EFBC}") = "DAL", "DAL\DAL.csproj", "{EB3CD1CA-4395-454B-890E-84A47FF271D7}"
EndProject
Project("{FAE04EC0-301F-11D3-BF4B-00C04F79EFBC}") = "BLL", "BLL\BLL.csproj", "{EE0823FC-EFB1-476D-9C76-F9BCF74A352E}"
EndProject
Project("{FAE04EC0-301F-11D3-BF4B-00C04F79EFBC}") = "Model", "Model\Model.csproj", "{D7C18978-BC8D-4A20-BEDE-91C1F7186A38}"
EndProject
Global
	GlobalSection(SolutionConfigurationPlatforms) = preSolution
		Debug|Any CPU = Debug|Any CPU
		Release|Any CPU = Release|Any CPU
	EndGlobalSection
	GlobalSection(ProjectConfigurationPlatforms) = postSolution
		{8ADC0521-192F-4D87-8B0B-01DFD113B891}.Debug|Any CPU.ActiveCfg = Debug|Any CPU
		{8ADC0521-192F-4D87-8B0B-01DFD113B891}.Debug|Any CPU.Build.0 = Debug|Any CPU
		{8ADC0521-192F-4D87-8B0B-01DFD113B891}.Release|Any CPU.ActiveCfg = Release|Any CPU
		{8ADC0521-192F-4D87-8B0B-01DFD113B891}.Release|Any CPU.Build.0 = Release|Any CPU
		{EB3CD1CA-4395-454B-890E-84A47FF271D7}.Debug|Any CPU.ActiveCfg = Debug|Any CPU
		{EB3CD1CA-4395-454B-890E-84A47FF271D7}.Debug|Any CPU.Build.0 = Debug|Any CPU
		{EB3CD1CA-4395-454B-890E-84A47FF271D7}.Release|Any CPU.ActiveCfg = Release|Any CPU
		{EB3CD1CA-4395-454B-890E-84A47FF271D7}.Release|Any CPU.Build.0 = Release|Any CPU
		{EE0823FC-EFB1-476D-9C76-F9BCF74A352E}.Debug|Any CPU.ActiveCfg = Debug|Any CPU
		{EE0823FC-EFB1-476D-9C76-F9BCF74A352E}.Debug|Any CPU.Build.0 = Debug|Any CPU
		{EE0823FC-EFB1-476D-9C76-F9BCF74A352E}.Release|Any CPU.ActiveCfg = Release|Any CPU
		{EE0823FC-EFB1-476D-9C76-F9BCF74A352E}.Release|Any CPU.Build.0 = Release|Any CPU
		{D7C18978-BC8D-4A20-BEDE-91C1F7186A38}.Debug|Any CPU.ActiveCfg = Debug|Any CPU
		{D7C18978-BC8D-4A20-BEDE-91C1F7186A38}.Debug|Any CPU.Build.0 = Debug|Any CPU
		{D7C18978-BC8D-4A20-BEDE-91C1F7186A38}.Release|Any CPU.ActiveCfg = Release|Any CPU
		{D7C18978-BC8D-4A20-BEDE-91C1F7186A38}.Release|Any CPU.Build.0 = Release|Any CPU
	EndGlobalSection
	GlobalSection(SolutionProperties) = preSolution
		HideSolutionNode = FALSE
	EndGlobalSection
	GlobalSection(ExtensibilityGlobals) = postSolution
		SolutionGuid = {2CD049CA-419C-4686-B8DB-22BACD5476DE}
	EndGlobalSection
EndGlobal
